
Microsoft Visual Studio Solution File, Format Version 12.00
# Visual Studio Version 16
VisualStudioVersion = 16.0.31321.278
MinimumVisualStudioVersion = 10.0.40219.1
Project("{FAE04EC0-301F-11D3-BF4B-00C04F79EFBC}") = "V2b1", "V2b1\V2b1.csproj", "{9011C99A-4881-4094-9CCE-0231B458D932}"
EndProject
Global
	GlobalSection(SolutionConfigurationPlatforms) = preSolution
		Debug|Any CPU = Debug|Any CPU
		Release|Any CPU = Release|Any CPU
	EndGlobalSection
	GlobalSection(ProjectConfigurationPlatforms) = postSolution
		{9011C99A-4881-4094-9CCE-0231B458D932}.Debug|Any CPU.ActiveCfg = Debug|Any CPU
		{9011C99A-4881-4094-9CCE-0231B458D932}.Debug|Any CPU.Build.0 = Debug|Any CPU
		{9011C99A-4881-4094-9CCE-0231B458D932}.Release|Any CPU.ActiveCfg = Release|Any CPU
		{9011C99A-4881-4094-9CCE-0231B458D932}.Release|Any CPU.Build.0 = Release|Any CPU
	EndGlobalSection
	GlobalSection(SolutionProperties) = preSolution
		HideSolutionNode = FALSE
	EndGlobalSection
	GlobalSection(ExtensibilityGlobals) = postSolution
		SolutionGuid = {811C42F9-D323-4A61-B010-54230A442D25}
	EndGlobalSection
EndGlobal
