
Microsoft Visual Studio Solution File, Format Version 12.00
# Visual Studio Version 16
VisualStudioVersion = 16.0.31321.278
MinimumVisualStudioVersion = 10.0.40219.1
Project("{FAE04EC0-301F-11D3-BF4B-00C04F79EFBC}") = "ClassCompteBancaire", "LaBanque\ClassCompteBancaire.csproj", "{F35D638E-2A0C-4AB8-80BD-2BFEE93E5E67}"
EndProject
Project("{FAE04EC0-301F-11D3-BF4B-00C04F79EFBC}") = "ObjetCompteBancaire", "ObjetCompteBancaire\ObjetCompteBancaire.csproj", "{52F8CBDC-2B4C-4FA7-8A7F-A4769655EAE8}"
EndProject
Global
	GlobalSection(SolutionConfigurationPlatforms) = preSolution
		Debug|Any CPU = Debug|Any CPU
		Release|Any CPU = Release|Any CPU
	EndGlobalSection
	GlobalSection(ProjectConfigurationPlatforms) = postSolution
		{F35D638E-2A0C-4AB8-80BD-2BFEE93E5E67}.Debug|Any CPU.ActiveCfg = Debug|Any CPU
		{F35D638E-2A0C-4AB8-80BD-2BFEE93E5E67}.Debug|Any CPU.Build.0 = Debug|Any CPU
		{F35D638E-2A0C-4AB8-80BD-2BFEE93E5E67}.Release|Any CPU.ActiveCfg = Release|Any CPU
		{F35D638E-2A0C-4AB8-80BD-2BFEE93E5E67}.Release|Any CPU.Build.0 = Release|Any CPU
		{52F8CBDC-2B4C-4FA7-8A7F-A4769655EAE8}.Debug|Any CPU.ActiveCfg = Debug|Any CPU
		{52F8CBDC-2B4C-4FA7-8A7F-A4769655EAE8}.Debug|Any CPU.Build.0 = Debug|Any CPU
		{52F8CBDC-2B4C-4FA7-8A7F-A4769655EAE8}.Release|Any CPU.ActiveCfg = Release|Any CPU
		{52F8CBDC-2B4C-4FA7-8A7F-A4769655EAE8}.Release|Any CPU.Build.0 = Release|Any CPU
	EndGlobalSection
	GlobalSection(SolutionProperties) = preSolution
		HideSolutionNode = FALSE
	EndGlobalSection
	GlobalSection(ExtensibilityGlobals) = postSolution
		SolutionGuid = {41A8FAE6-D73D-452C-B25A-908750E781D8}
	EndGlobalSection
EndGlobal
