
Microsoft Visual Studio Solution File, Format Version 12.00
# Visual Studio 2012
Project("{FAE04EC0-301F-11D3-BF4B-00C04F79EFBC}") = "Exercice2.1.2", "Exercice2.1.2\Exercice2.1.2.csproj", "{BDA8AAB0-9625-4A96-B442-447A83A5BBA1}"
EndProject
Global
	GlobalSection(SolutionConfigurationPlatforms) = preSolution
		Debug|Any CPU = Debug|Any CPU
		Release|Any CPU = Release|Any CPU
	EndGlobalSection
	GlobalSection(ProjectConfigurationPlatforms) = postSolution
		{BDA8AAB0-9625-4A96-B442-447A83A5BBA1}.Debug|Any CPU.ActiveCfg = Debug|Any CPU
		{BDA8AAB0-9625-4A96-B442-447A83A5BBA1}.Debug|Any CPU.Build.0 = Debug|Any CPU
		{BDA8AAB0-9625-4A96-B442-447A83A5BBA1}.Release|Any CPU.ActiveCfg = Release|Any CPU
		{BDA8AAB0-9625-4A96-B442-447A83A5BBA1}.Release|Any CPU.Build.0 = Release|Any CPU
	EndGlobalSection
	GlobalSection(SolutionProperties) = preSolution
		HideSolutionNode = FALSE
	EndGlobalSection
EndGlobal
