
Microsoft Visual Studio Solution File, Format Version 12.00
# Visual Studio 2012
Project("{FAE04EC0-301F-11D3-BF4B-00C04F79EFBC}") = "Bouteille1", "Bouteille1\Bouteille1.csproj", "{63889DB8-F562-48DE-AA3A-C2420EEA00C8}"
EndProject
Global
	GlobalSection(SolutionConfigurationPlatforms) = preSolution
		Debug|Any CPU = Debug|Any CPU
		Release|Any CPU = Release|Any CPU
	EndGlobalSection
	GlobalSection(ProjectConfigurationPlatforms) = postSolution
		{63889DB8-F562-48DE-AA3A-C2420EEA00C8}.Debug|Any CPU.ActiveCfg = Debug|Any CPU
		{63889DB8-F562-48DE-AA3A-C2420EEA00C8}.Debug|Any CPU.Build.0 = Debug|Any CPU
		{63889DB8-F562-48DE-AA3A-C2420EEA00C8}.Release|Any CPU.ActiveCfg = Release|Any CPU
		{63889DB8-F562-48DE-AA3A-C2420EEA00C8}.Release|Any CPU.Build.0 = Release|Any CPU
	EndGlobalSection
	GlobalSection(SolutionProperties) = preSolution
		HideSolutionNode = FALSE
	EndGlobalSection
EndGlobal
