
Microsoft Visual Studio Solution File, Format Version 12.00
# Visual Studio 2012
Project("{FAE04EC0-301F-11D3-BF4B-00C04F79EFBC}") = "ConversionKilometres1", "ConversionKilometres1\ConversionKilometres1.csproj", "{FF31EDD8-1AB6-4B13-9D7F-1E393C18F458}"
EndProject
Global
	GlobalSection(SolutionConfigurationPlatforms) = preSolution
		Debug|Any CPU = Debug|Any CPU
		Release|Any CPU = Release|Any CPU
	EndGlobalSection
	GlobalSection(ProjectConfigurationPlatforms) = postSolution
		{FF31EDD8-1AB6-4B13-9D7F-1E393C18F458}.Debug|Any CPU.ActiveCfg = Debug|Any CPU
		{FF31EDD8-1AB6-4B13-9D7F-1E393C18F458}.Debug|Any CPU.Build.0 = Debug|Any CPU
		{FF31EDD8-1AB6-4B13-9D7F-1E393C18F458}.Release|Any CPU.ActiveCfg = Release|Any CPU
		{FF31EDD8-1AB6-4B13-9D7F-1E393C18F458}.Release|Any CPU.Build.0 = Release|Any CPU
	EndGlobalSection
	GlobalSection(SolutionProperties) = preSolution
		HideSolutionNode = FALSE
	EndGlobalSection
EndGlobal
