
Microsoft Visual Studio Solution File, Format Version 12.00
# Visual Studio 2012
Project("{FAE04EC0-301F-11D3-BF4B-00C04F79EFBC}") = "Exercice 1.1.2", "Exercice 1.1.2\Exercice 1.1.2.csproj", "{96329568-3C3D-4CA1-92B8-DE448ED89CCC}"
EndProject
Global
	GlobalSection(SolutionConfigurationPlatforms) = preSolution
		Debug|Any CPU = Debug|Any CPU
		Release|Any CPU = Release|Any CPU
	EndGlobalSection
	GlobalSection(ProjectConfigurationPlatforms) = postSolution
		{96329568-3C3D-4CA1-92B8-DE448ED89CCC}.Debug|Any CPU.ActiveCfg = Debug|Any CPU
		{96329568-3C3D-4CA1-92B8-DE448ED89CCC}.Debug|Any CPU.Build.0 = Debug|Any CPU
		{96329568-3C3D-4CA1-92B8-DE448ED89CCC}.Release|Any CPU.ActiveCfg = Release|Any CPU
		{96329568-3C3D-4CA1-92B8-DE448ED89CCC}.Release|Any CPU.Build.0 = Release|Any CPU
	EndGlobalSection
	GlobalSection(SolutionProperties) = preSolution
		HideSolutionNode = FALSE
	EndGlobalSection
EndGlobal
