
Microsoft Visual Studio Solution File, Format Version 12.00
# Visual Studio Version 16
VisualStudioVersion = 16.0.31321.278
MinimumVisualStudioVersion = 10.0.40219.1
Project("{FAE04EC0-301F-11D3-BF4B-00C04F79EFBC}") = "Bouteille", "Bouteille.csproj", "{AC2118EB-16E6-419F-9C67-4E18E0119BB5}"
EndProject
Global
	GlobalSection(SolutionConfigurationPlatforms) = preSolution
		Debug|Any CPU = Debug|Any CPU
		Release|Any CPU = Release|Any CPU
	EndGlobalSection
	GlobalSection(ProjectConfigurationPlatforms) = postSolution
		{AC2118EB-16E6-419F-9C67-4E18E0119BB5}.Debug|Any CPU.ActiveCfg = Debug|Any CPU
		{AC2118EB-16E6-419F-9C67-4E18E0119BB5}.Debug|Any CPU.Build.0 = Debug|Any CPU
		{AC2118EB-16E6-419F-9C67-4E18E0119BB5}.Release|Any CPU.ActiveCfg = Release|Any CPU
		{AC2118EB-16E6-419F-9C67-4E18E0119BB5}.Release|Any CPU.Build.0 = Release|Any CPU
	EndGlobalSection
	GlobalSection(SolutionProperties) = preSolution
		HideSolutionNode = FALSE
	EndGlobalSection
	GlobalSection(ExtensibilityGlobals) = postSolution
		SolutionGuid = {56A8921A-018E-4E0D-89D6-3BEDA96177CE}
	EndGlobalSection
EndGlobal
