
Microsoft Visual Studio Solution File, Format Version 12.00
# Visual Studio Version 16
VisualStudioVersion = 16.0.31321.278
MinimumVisualStudioVersion = 10.0.40219.1
Project("{FAE04EC0-301F-11D3-BF4B-00C04F79EFBC}") = "ConsoleApp1", "ConsoleApp1\ConsoleApp1.csproj", "{15760EB4-C8CB-415B-BAA0-6F06EBF8B27E}"
EndProject
Global
	GlobalSection(SolutionConfigurationPlatforms) = preSolution
		Debug|Any CPU = Debug|Any CPU
		Release|Any CPU = Release|Any CPU
	EndGlobalSection
	GlobalSection(ProjectConfigurationPlatforms) = postSolution
		{15760EB4-C8CB-415B-BAA0-6F06EBF8B27E}.Debug|Any CPU.ActiveCfg = Debug|Any CPU
		{15760EB4-C8CB-415B-BAA0-6F06EBF8B27E}.Debug|Any CPU.Build.0 = Debug|Any CPU
		{15760EB4-C8CB-415B-BAA0-6F06EBF8B27E}.Release|Any CPU.ActiveCfg = Release|Any CPU
		{15760EB4-C8CB-415B-BAA0-6F06EBF8B27E}.Release|Any CPU.Build.0 = Release|Any CPU
	EndGlobalSection
	GlobalSection(SolutionProperties) = preSolution
		HideSolutionNode = FALSE
	EndGlobalSection
	GlobalSection(ExtensibilityGlobals) = postSolution
		SolutionGuid = {002761C1-390F-487A-A7B1-339C029DAD00}
	EndGlobalSection
EndGlobal
